<?xml version="1.0" encoding="utf-8"?>
<Project ToolsVersion="4.0" xmlns="http://schemas.microsoft.com/developer/msbuild/2003">
  <ItemGroup>
    <Filter Include="Fichiers d%27en-tête">
      <UniqueIdentifier>{93995380-89BD-4b04-88EB-625FBE52EBFB}</UniqueIdentifier>
      <Extensions>h;hh;hpp;hxx;hm;inl;inc;xsd</Extensions>
    </Filter>
    <Filter Include="Fichiers de ressources">
      <UniqueIdentifier>{67DA6AB6-F800-4c08-8B7A-83BB121AAD01}</UniqueIdentifier>
      <Extensions>rc;ico;cur;bmp;dlg;rc2;rct;bin;rgs;gif;jpg;jpeg;jpe;resx;tiff;tif;png;wav;mfcribbon-ms</Extensions>
    </Filter>
    <Filter Include="Fichiers sources">
      <UniqueIdentifier>{9be9cc3e-0aa8-40d6-b130-081feb7f6414}</UniqueIdentifier>
    </Filter>
  </ItemGroup>
  <ItemGroup>
    <ClCompile Include="..\..\..\..\Documents\BATTLE_SFML\src\Menu.cpp">
      <Filter>Fichiers sources</Filter>
    </ClCompile>
    <ClCompile Include="..\..\..\..\Documents\BATTLE_SFML\src\Player.cpp">
      <Filter>Fichiers sources</Filter>
    </ClCompile>
    <ClCompile Include="..\..\..\..\Documents\BATTLE_SFML\src\Roach.cpp">
      <Filter>Fichiers sources</Filter>
    </ClCompile>
    <ClCompile Include="..\..\..\..\Documents\BATTLE_SFML\src\Stalker.cpp">
      <Filter>Fichiers sources</Filter>
    </ClCompile>
    <ClCompile Include="..\..\..\..\Documents\BATTLE_SFML\src\Tank.cpp">
      <Filter>Fichiers sources</Filter>
    </ClCompile>
    <ClCompile Include="..\..\..\..\Documents\BATTLE_SFML\src\Unit.cpp">
      <Filter>Fichiers sources</Filter>
    </ClCompile>
    <ClCompile Include="..\..\..\..\Documents\BATTLE_SFML\src\Ursadon.cpp">
      <Filter>Fichiers sources</Filter>
    </ClCompile>
    <ClCompile Include="..\..\..\..\Documents\BATTLE_SFML\src\Attack.cpp">
      <Filter>Fichiers sources</Filter>
    </ClCompile>
    <ClCompile Include="..\..\..\..\Documents\BATTLE_SFML\src\Carrier.cpp">
      <Filter>Fichiers sources</Filter>
    </ClCompile>
    <ClCompile Include="..\..\..\..\Documents\BATTLE_SFML\src\Castle.cpp">
      <Filter>Fichiers sources</Filter>
    </ClCompile>
    <ClCompile Include="..\..\..\..\Documents\BATTLE_SFML\src\CellProperty.cpp">
      <Filter>Fichiers sources</Filter>
    </ClCompile>
    <ClCompile Include="..\..\..\..\Documents\BATTLE_SFML\src\Corruptor.cpp">
      <Filter>Fichiers sources</Filter>
    </ClCompile>
    <ClCompile Include="..\..\..\..\Documents\BATTLE_SFML\src\Game.cpp">
      <Filter>Fichiers sources</Filter>
    </ClCompile>
    <ClCompile Include="..\..\..\..\Documents\BATTLE_SFML\src\Hero.cpp">
      <Filter>Fichiers sources</Filter>
    </ClCompile>
    <ClCompile Include="..\..\..\..\Documents\BATTLE_SFML\src\main.cpp">
      <Filter>Fichiers sources</Filter>
    </ClCompile>
    <ClCompile Include="..\..\..\..\Documents\BATTLE_SFML\src\Map.cpp">
      <Filter>Fichiers sources</Filter>
    </ClCompile>
    <ClCompile Include="..\..\..\..\Documents\BATTLE_SFML\src\Marine.cpp">
      <Filter>Fichiers sources</Filter>
    </ClCompile>
    <ClCompile Include="..\..\..\..\Documents\BATTLE_SFML\src\Chat.cpp">
      <Filter>Fichiers sources</Filter>
    </ClCompile>
  </ItemGroup>
  <ItemGroup>
    <ClInclude Include="..\..\..\..\Documents\BATTLE_SFML\src\Menu.hh">
      <Filter>Fichiers sources</Filter>
    </ClInclude>
    <ClInclude Include="..\..\..\..\Documents\BATTLE_SFML\src\Player.hh">
      <Filter>Fichiers sources</Filter>
    </ClInclude>
    <ClInclude Include="..\..\..\..\Documents\BATTLE_SFML\src\Roach.hh">
      <Filter>Fichiers sources</Filter>
    </ClInclude>
    <ClInclude Include="..\..\..\..\Documents\BATTLE_SFML\src\Stalker.hh">
      <Filter>Fichiers sources</Filter>
    </ClInclude>
    <ClInclude Include="..\..\..\..\Documents\BATTLE_SFML\src\Stats.hh">
      <Filter>Fichiers sources</Filter>
    </ClInclude>
    <ClInclude Include="..\..\..\..\Documents\BATTLE_SFML\src\Tank.hh">
      <Filter>Fichiers sources</Filter>
    </ClInclude>
    <ClInclude Include="..\..\..\..\Documents\BATTLE_SFML\src\Unit.hh">
      <Filter>Fichiers sources</Filter>
    </ClInclude>
    <ClInclude Include="..\..\..\..\Documents\BATTLE_SFML\src\UnitField.hh">
      <Filter>Fichiers sources</Filter>
    </ClInclude>
    <ClInclude Include="..\..\..\..\Documents\BATTLE_SFML\src\Ursadon.hh">
      <Filter>Fichiers sources</Filter>
    </ClInclude>
    <ClInclude Include="..\..\..\..\Documents\BATTLE_SFML\src\Attack.hh">
      <Filter>Fichiers sources</Filter>
    </ClInclude>
    <ClInclude Include="..\..\..\..\Documents\BATTLE_SFML\src\Carrier.hh">
      <Filter>Fichiers sources</Filter>
    </ClInclude>
    <ClInclude Include="..\..\..\..\Documents\BATTLE_SFML\src\Castle.hh">
      <Filter>Fichiers sources</Filter>
    </ClInclude>
    <ClInclude Include="..\..\..\..\Documents\BATTLE_SFML\src\CellProperty.hh">
      <Filter>Fichiers sources</Filter>
    </ClInclude>
    <ClInclude Include="..\..\..\..\Documents\BATTLE_SFML\src\CellType.hh">
      <Filter>Fichiers sources</Filter>
    </ClInclude>
    <ClInclude Include="..\..\..\..\Documents\BATTLE_SFML\src\Corruptor.hh">
      <Filter>Fichiers sources</Filter>
    </ClInclude>
    <ClInclude Include="..\..\..\..\Documents\BATTLE_SFML\src\Cscreen.hh">
      <Filter>Fichiers sources</Filter>
    </ClInclude>
    <ClInclude Include="..\..\..\..\Documents\BATTLE_SFML\src\Direction.hh">
      <Filter>Fichiers sources</Filter>
    </ClInclude>
    <ClInclude Include="..\..\..\..\Documents\BATTLE_SFML\src\Game.hh">
      <Filter>Fichiers sources</Filter>
    </ClInclude>
    <ClInclude Include="..\..\..\..\Documents\BATTLE_SFML\src\Hero.hh">
      <Filter>Fichiers sources</Filter>
    </ClInclude>
    <ClInclude Include="..\..\..\..\Documents\BATTLE_SFML\src\Map.hh">
      <Filter>Fichiers sources</Filter>
    </ClInclude>
    <ClInclude Include="..\..\..\..\Documents\BATTLE_SFML\src\Marine.hh">
      <Filter>Fichiers sources</Filter>
    </ClInclude>
    <ClInclude Include="..\..\..\..\Documents\BATTLE_SFML\src\Chat.hh">
      <Filter>Fichiers sources</Filter>
    </ClInclude>
  </ItemGroup>
</Project>